
Microsoft Visual Studio Solution File, Format Version 12.00
Project("{FAE04EC0-301F-11D3-BF4B-00C04F79EFBC}") = "Server", "Server\Server.csproj", "{3F18CE9D-205E-43B0-88E7-8E43BEC6EF73}"
EndProject
Project("{FAE04EC0-301F-11D3-BF4B-00C04F79EFBC}") = "Common", "Common\Common.csproj", "{DE448A6A-8568-4D2A-BF65-CF0D59A583A9}"
EndProject
Project("{FAE04EC0-301F-11D3-BF4B-00C04F79EFBC}") = "Test", "Test\Test.csproj", "{C413F2E7-94C3-42EC-9FA3-7F1499E5567E}"
EndProject
Global
	GlobalSection(SolutionConfigurationPlatforms) = preSolution
		Debug|Any CPU = Debug|Any CPU
		Release|Any CPU = Release|Any CPU
	EndGlobalSection
	GlobalSection(ProjectConfigurationPlatforms) = postSolution
		{3F18CE9D-205E-43B0-88E7-8E43BEC6EF73}.Debug|Any CPU.ActiveCfg = Debug|Any CPU
		{3F18CE9D-205E-43B0-88E7-8E43BEC6EF73}.Debug|Any CPU.Build.0 = Debug|Any CPU
		{3F18CE9D-205E-43B0-88E7-8E43BEC6EF73}.Release|Any CPU.ActiveCfg = Release|Any CPU
		{3F18CE9D-205E-43B0-88E7-8E43BEC6EF73}.Release|Any CPU.Build.0 = Release|Any CPU
		{DE448A6A-8568-4D2A-BF65-CF0D59A583A9}.Release|Any CPU.ActiveCfg = Release|Any CPU
		{DE448A6A-8568-4D2A-BF65-CF0D59A583A9}.Release|Any CPU.Build.0 = Release|Any CPU
		{DE448A6A-8568-4D2A-BF65-CF0D59A583A9}.Debug|Any CPU.ActiveCfg = Release|Any CPU
		{DE448A6A-8568-4D2A-BF65-CF0D59A583A9}.Debug|Any CPU.Build.0 = Release|Any CPU
		{C413F2E7-94C3-42EC-9FA3-7F1499E5567E}.Debug|Any CPU.ActiveCfg = Debug|Any CPU
		{C413F2E7-94C3-42EC-9FA3-7F1499E5567E}.Debug|Any CPU.Build.0 = Debug|Any CPU
		{C413F2E7-94C3-42EC-9FA3-7F1499E5567E}.Release|Any CPU.ActiveCfg = Release|Any CPU
		{C413F2E7-94C3-42EC-9FA3-7F1499E5567E}.Release|Any CPU.Build.0 = Release|Any CPU
	EndGlobalSection
EndGlobal
